
Microsoft Visual Studio Solution File, Format Version 12.00
# Visual Studio Version 16
VisualStudioVersion = 16.0.30011.22
MinimumVisualStudioVersion = 10.0.40219.1
Project("{00D1A9C2-B5F0-4AF3-8072-F6C62B433612}") = "NLECA Database", "NLECA Database\NLECA Database.sqlproj", "{A2F0BEE9-6BF6-43D3-94EA-A3AC16197852}"
EndProject
Global
	GlobalSection(SolutionConfigurationPlatforms) = preSolution
		Debug|Any CPU = Debug|Any CPU
		Release|Any CPU = Release|Any CPU
	EndGlobalSection
	GlobalSection(ProjectConfigurationPlatforms) = postSolution
		{A2F0BEE9-6BF6-43D3-94EA-A3AC16197852}.Debug|Any CPU.ActiveCfg = Debug|Any CPU
		{A2F0BEE9-6BF6-43D3-94EA-A3AC16197852}.Debug|Any CPU.Build.0 = Debug|Any CPU
		{A2F0BEE9-6BF6-43D3-94EA-A3AC16197852}.Debug|Any CPU.Deploy.0 = Debug|Any CPU
		{A2F0BEE9-6BF6-43D3-94EA-A3AC16197852}.Release|Any CPU.ActiveCfg = Release|Any CPU
		{A2F0BEE9-6BF6-43D3-94EA-A3AC16197852}.Release|Any CPU.Build.0 = Release|Any CPU
		{A2F0BEE9-6BF6-43D3-94EA-A3AC16197852}.Release|Any CPU.Deploy.0 = Release|Any CPU
	EndGlobalSection
	GlobalSection(SolutionProperties) = preSolution
		HideSolutionNode = FALSE
	EndGlobalSection
	GlobalSection(ExtensibilityGlobals) = postSolution
		SolutionGuid = {414F143A-19A1-414B-B1BA-37EAFF83210C}
	EndGlobalSection
EndGlobal
